// !$*UTF8*$!
{
	archiveVersion = 1;
	classes = {
	};
	objectVersion = 48;
	objects = {

/* Begin PBXBuildFile section */
		8B59E42D2050C3260081F7F9 /* AppDelegate.m in Sources */ = {isa = PBXBuildFile; fileRef = 8B59E42C2050C3260081F7F9 /* AppDelegate.m */; };
		8B59E4302050C3260081F7F9 /* ViewController.m in Sources */ = {isa = PBXBuildFile; fileRef = 8B59E42F2050C3260081F7F9 /* ViewController.m */; };
		8B59E4332050C3260081F7F9 /* Main.storyboard in Resources */ = {isa = PBXBuildFile; fileRef = 8B59E4312050C3260081F7F9 /* Main.storyboard */; };
		8B59E4352050C3260081F7F9 /* Assets.xcassets in Resources */ = {isa = PBXBuildFile; fileRef = 8B59E4342050C3260081F7F9 /* Assets.xcassets */; };
		8B59E4382050C3260081F7F9 /* LaunchScreen.storyboard in Resources */ = {isa = PBXBuildFile; fileRef = 8B59E4362050C3260081F7F9 /* LaunchScreen.storyboard */; };
		8B59E43B2050C3260081F7F9 /* main.m in Sources */ = {isa = PBXBuildFile; fileRef = 8B59E43A2050C3260081F7F9 /* main.m */; };
		8B59E4452050CEF20081F7F9 /* PhotoGroupCollectionViewCell.m in Sources */ = {isa = PBXBuildFile; fileRef = 8B59E4442050CEF20081F7F9 /* PhotoGroupCollectionViewCell.m */; };
		8B59E44B20513DD20081F7F9 /* ALAsset+RequestDefaultRepresentation.m in Sources */ = {isa = PBXBuildFile; fileRef = 8B59E44A20513DD20081F7F9 /* ALAsset+RequestDefaultRepresentation.m */; };
		8B59E44E205219EB0081F7F9 /* AlbumPageVC.m in Sources */ = {isa = PBXBuildFile; fileRef = 8B59E44D205219EB0081F7F9 /* AlbumPageVC.m */; };
/* End PBXBuildFile section */

/* Begin PBXFileReference section */
		8B59E4282050C3260081F7F9 /* PhotoManagement.app */ = {isa = PBXFileReference; explicitFileType = wrapper.application; includeInIndex = 0; path = PhotoManagement.app; sourceTree = BUILT_PRODUCTS_DIR; };
		8B59E42B2050C3260081F7F9 /* AppDelegate.h */ = {isa = PBXFileReference; lastKnownFileType = sourcecode.c.h; path = AppDelegate.h; sourceTree = "<group>"; };
		8B59E42C2050C3260081F7F9 /* AppDelegate.m */ = {isa = PBXFileReference; lastKnownFileType = sourcecode.c.objc; path = AppDelegate.m; sourceTree = "<group>"; };
		8B59E42E2050C3260081F7F9 /* ViewController.h */ = {isa = PBXFileReference; lastKnownFileType = sourcecode.c.h; path = ViewController.h; sourceTree = "<group>"; };
		8B59E42F2050C3260081F7F9 /* ViewController.m */ = {isa = PBXFileReference; lastKnownFileType = sourcecode.c.objc; path = ViewController.m; sourceTree = "<group>"; };
		8B59E4322050C3260081F7F9 /* Base */ = {isa = PBXFileReference; lastKnownFileType = file.storyboard; name = Base; path = Base.lproj/Main.storyboard; sourceTree = "<group>"; };
		8B59E4342050C3260081F7F9 /* Assets.xcassets */ = {isa = PBXFileReference; lastKnownFileType = folder.assetcatalog; path = Assets.xcassets; sourceTree = "<group>"; };
		8B59E4372050C3260081F7F9 /* Base */ = {isa = PBXFileReference; lastKnownFileType = file.storyboard; name = Base; path = Base.lproj/LaunchScreen.storyboard; sourceTree = "<group>"; };
		8B59E4392050C3260081F7F9 /* Info.plist */ = {isa = PBXFileReference; lastKnownFileType = text.plist.xml; path = Info.plist; sourceTree = "<group>"; };
		8B59E43A2050C3260081F7F9 /* main.m */ = {isa = PBXFileReference; lastKnownFileType = sourcecode.c.objc; path = main.m; sourceTree = "<group>"; };
		8B59E4432050CEF20081F7F9 /* PhotoGroupCollectionViewCell.h */ = {isa = PBXFileReference; lastKnownFileType = sourcecode.c.h; path = PhotoGroupCollectionViewCell.h; sourceTree = "<group>"; };
		8B59E4442050CEF20081F7F9 /* PhotoGroupCollectionViewCell.m */ = {isa = PBXFileReference; lastKnownFileType = sourcecode.c.objc; path = PhotoGroupCollectionViewCell.m; sourceTree = "<group>"; };
		8B59E44920513DD20081F7F9 /* ALAsset+RequestDefaultRepresentation.h */ = {isa = PBXFileReference; lastKnownFileType = sourcecode.c.h; path = "ALAsset+RequestDefaultRepresentation.h"; sourceTree = "<group>"; };
		8B59E44A20513DD20081F7F9 /* ALAsset+RequestDefaultRepresentation.m */ = {isa = PBXFileReference; lastKnownFileType = sourcecode.c.objc; path = "ALAsset+RequestDefaultRepresentation.m"; sourceTree = "<group>"; };
		8B59E44C205219EB0081F7F9 /* AlbumPageVC.h */ = {isa = PBXFileReference; lastKnownFileType = sourcecode.c.h; path = AlbumPageVC.h; sourceTree = "<group>"; };
		8B59E44D205219EB0081F7F9 /* AlbumPageVC.m */ = {isa = PBXFileReference; lastKnownFileType = sourcecode.c.objc; path = AlbumPageVC.m; sourceTree = "<group>"; };
/* End PBXFileReference section */

/* Begin PBXFrameworksBuildPhase section */
		8B59E4252050C3260081F7F9 /* Frameworks */ = {
			isa = PBXFrameworksBuildPhase;
			buildActionMask = 2147483647;
			files = (
			);
			runOnlyForDeploymentPostprocessing = 0;
		};
/* End PBXFrameworksBuildPhase section */

/* Begin PBXGroup section */
		8B59E41F2050C3260081F7F9 = {
			isa = PBXGroup;
			children = (
				8B59E42A2050C3260081F7F9 /* PhotoManagement */,
				8B59E4292050C3260081F7F9 /* Products */,
			);
			sourceTree = "<group>";
		};
		8B59E4292050C3260081F7F9 /* Products */ = {
			isa = PBXGroup;
			children = (
				8B59E4282050C3260081F7F9 /* PhotoManagement.app */,
			);
			name = Products;
			sourceTree = "<group>";
		};
		8B59E42A2050C3260081F7F9 /* PhotoManagement */ = {
			isa = PBXGroup;
			children = (
				8B59E42B2050C3260081F7F9 /* AppDelegate.h */,
				8B59E42C2050C3260081F7F9 /* AppDelegate.m */,
				8B59E42E2050C3260081F7F9 /* ViewController.h */,
				8B59E42F2050C3260081F7F9 /* ViewController.m */,
				8B59E44C205219EB0081F7F9 /* AlbumPageVC.h */,
				8B59E44D205219EB0081F7F9 /* AlbumPageVC.m */,
				8B59E44920513DD20081F7F9 /* ALAsset+RequestDefaultRepresentation.h */,
				8B59E44A20513DD20081F7F9 /* ALAsset+RequestDefaultRepresentation.m */,
				8B59E4432050CEF20081F7F9 /* PhotoGroupCollectionViewCell.h */,
				8B59E4442050CEF20081F7F9 /* PhotoGroupCollectionViewCell.m */,
				8B59E4312050C3260081F7F9 /* Main.storyboard */,
				8B59E4342050C3260081F7F9 /* Assets.xcassets */,
				8B59E4362050C3260081F7F9 /* LaunchScreen.storyboard */,
				8B59E4392050C3260081F7F9 /* Info.plist */,
				8B59E43A2050C3260081F7F9 /* main.m */,
			);
			path = PhotoManagement;
			sourceTree = "<group>";
		};
/* End PBXGroup section */

/* Begin PBXNativeTarget section */
		8B59E4272050C3260081F7F9 /* PhotoManagement */ = {
			isa = PBXNativeTarget;
			buildConfigurationList = 8B59E43E2050C3260081F7F9 /* Build configuration list for PBXNativeTarget "PhotoManagement" */;
			buildPhases = (
				8B59E4242050C3260081F7F9 /* Sources */,
				8B59E4252050C3260081F7F9 /* Frameworks */,
				8B59E4262050C3260081F7F9 /* Resources */,
			);
			buildRules = (
			);
			dependencies = (
			);
			name = PhotoManagement;
			productName = PhotoManagement;
			productReference = 8B59E4282050C3260081F7F9 /* PhotoManagement.app */;
			productType = "com.apple.product-type.application";
		};
/* End PBXNativeTarget section */

/* Begin PBXProject section */
		8B59E4202050C3260081F7F9 /* Project object */ = {
			isa = PBXProject;
			attributes = {
				LastUpgradeCheck = 0920;
				ORGANIZATIONNAME = ly;
				TargetAttributes = {
					8B59E4272050C3260081F7F9 = {
						CreatedOnToolsVersion = 9.2;
						ProvisioningStyle = Automatic;
					};
				};
			};
			buildConfigurationList = 8B59E4232050C3260081F7F9 /* Build configuration list for PBXProject "PhotoManagement" */;
			compatibilityVersion = "Xcode 8.0";
			developmentRegion = en;
			hasScannedForEncodings = 0;
			knownRegions = (
				en,
				Base,
			);
			mainGroup = 8B59E41F2050C3260081F7F9;
			productRefGroup = 8B59E4292050C3260081F7F9 /* Products */;
			projectDirPath = "";
			projectRoot = "";
			targets = (
				8B59E4272050C3260081F7F9 /* PhotoManagement */,
			);
		};
/* End PBXProject section */

/* Begin PBXResourcesBuildPhase section */
		8B59E4262050C3260081F7F9 /* Resources */ = {
			isa = PBXResourcesBuildPhase;
			buildActionMask = 2147483647;
			files = (
				8B59E4382050C3260081F7F9 /* LaunchScreen.storyboard in Resources */,
				8B59E4352050C3260081F7F9 /* Assets.xcassets in Resources */,
				8B59E4332050C3260081F7F9 /* Main.storyboard in Resources */,
			);
			runOnlyForDeploymentPostprocessing = 0;
		};
/* End PBXResourcesBuildPhase section */

/* Begin PBXSourcesBuildPhase section */
		8B59E4242050C3260081F7F9 /* Sources */ = {
			isa = PBXSourcesBuildPhase;
			buildActionMask = 2147483647;
			files = (
				8B59E44B20513DD20081F7F9 /* ALAsset+RequestDefaultRepresentation.m in Sources */,
				8B59E4302050C3260081F7F9 /* ViewController.m in Sources */,
				8B59E43B2050C3260081F7F9 /* main.m in Sources */,
				8B59E44E205219EB0081F7F9 /* AlbumPageVC.m in Sources */,
				8B59E42D2050C3260081F7F9 /* AppDelegate.m in Sources */,
				8B59E4452050CEF20081F7F9 /* PhotoGroupCollectionViewCell.m in Sources */,
			);
			runOnlyForDeploymentPostprocessing = 0;
		};
/* End PBXSourcesBuildPhase section */

/* Begin PBXVariantGroup section */
		8B59E4312050C3260081F7F9 /* Main.storyboard */ = {
			isa = PBXVariantGroup;
			children = (
				8B59E4322050C3260081F7F9 /* Base */,
			);
			name = Main.storyboard;
			sourceTree = "<group>";
		};
		8B59E4362050C3260081F7F9 /* LaunchScreen.storyboard */ = {
			isa = PBXVariantGroup;
			children = (
				8B59E4372050C3260081F7F9 /* Base */,
			);
			name = LaunchScreen.storyboard;
			sourceTree = "<group>";
		};
/* End PBXVariantGroup section */

/* Begin XCBuildConfiguration section */
		8B59E43C2050C3260081F7F9 /* Debug */ = {
			isa = XCBuildConfiguration;
			buildSettings = {
				ALWAYS_SEARCH_USER_PATHS = NO;
				CLANG_ANALYZER_NONNULL = YES;
				CLANG_ANALYZER_NUMBER_OBJECT_CONVERSION = YES_AGGRESSIVE;
				CLANG_CXX_LANGUAGE_STANDARD = "gnu++14";
				CLANG_CXX_LIBRARY = "libc++";
				CLANG_ENABLE_MODULES = YES;
				CLANG_ENABLE_OBJC_ARC = YES;
				CLANG_WARN_BLOCK_CAPTURE_AUTORELEASING = YES;
				CLANG_WARN_BOOL_CONVERSION = YES;
				CLANG_WARN_COMMA = YES;
				CLANG_WARN_CONSTANT_CONVERSION = YES;
				CLANG_WARN_DIRECT_OBJC_ISA_USAGE = YES_ERROR;
				CLANG_WARN_DOCUMENTATION_COMMENTS = YES;
				CLANG_WARN_EMPTY_BODY = YES;
				CLANG_WARN_ENUM_CONVERSION = YES;
				CLANG_WARN_INFINITE_RECURSION = YES;
				CLANG_WARN_INT_CONVERSION = YES;
				CLANG_WARN_NON_LITERAL_NULL_CONVERSION = YES;
				CLANG_WARN_OBJC_LITERAL_CONVERSION = YES;
				CLANG_WARN_OBJC_ROOT_CLASS = YES_ERROR;
				CLANG_WARN_RANGE_LOOP_ANALYSIS = YES;
				CLANG_WARN_STRICT_PROTOTYPES = YES;
				CLANG_WARN_SUSPICIOUS_MOVE = YES;
				CLANG_WARN_UNGUARDED_AVAILABILITY = YES_AGGRESSIVE;
				CLANG_WARN_UNREACHABLE_CODE = YES;
				CLANG_WARN__DUPLICATE_METHOD_MATCH = YES;
				CODE_SIGN_IDENTITY = "iPhone Developer";
				COPY_PHASE_STRIP = NO;
				DEBUG_INFORMATION_FORMAT = dwarf;
				ENABLE_STRICT_OBJC_MSGSEND = YES;
				ENABLE_TESTABILITY = YES;
				GCC_C_LANGUAGE_STANDARD = gnu11;
				GCC_DYNAMIC_NO_PIC = NO;
				GCC_NO_COMMON_BLOCKS = YES;
				GCC_OPTIMIZATION_LEVEL = 0;
				GCC_PREPROCESSOR_DEFINITIONS = (
					"DEBUG=1",
					"$(inherited)",
				);
				GCC_WARN_64_TO_32_BIT_CONVERSION = YES;
				GCC_WARN_ABOUT_RETURN_TYPE = YES_ERROR;
				GCC_WARN_UNDECLARED_SELECTOR = YES;
				GCC_WARN_UNINITIALIZED_AUTOS = YES_AGGRESSIVE;
				GCC_WARN_UNUSED_FUNCTION = YES;
				GCC_WARN_UNUSED_VARIABLE = YES;
				IPHONEOS_DEPLOYMENT_TARGET = 11.2;
				MTL_ENABLE_DEBUG_INFO = YES;
				ONLY_ACTIVE_ARCH = YES;
				SDKROOT = iphoneos;
			};
			name = Debug;
		};
		8B59E43D2050C3260081F7F9 /* Release */ = {
			isa = XCBuildConfiguration;
			buildSettings = {
				ALWAYS_SEARCH_USER_PATHS = NO;
				CLANG_ANALYZER_NONNULL = YES;
				CLANG_ANALYZER_NUMBER_OBJECT_CONVERSION = YES_AGGRESSIVE;
				CLANG_CXX_LANGUAGE_STANDARD = "gnu++14";
				CLANG_CXX_LIBRARY = "libc++";
				CLANG_ENABLE_MODULES = YES;
				CLANG_ENABLE_OBJC_ARC = YES;
				CLANG_WARN_BLOCK_CAPTURE_AUTORELEASING = YES;
				CLANG_WARN_BOOL_CONVERSION = YES;
				CLANG_WARN_COMMA = YES;
				CLANG_WARN_CONSTANT_CONVERSION = YES;
				CLANG_WARN_DIRECT_OBJC_ISA_USAGE = YES_ERROR;
				CLANG_WARN_DOCUMENTATION_COMMENTS = YES;
				CLANG_WARN_EMPTY_BODY = YES;
				CLANG_WARN_ENUM_CONVERSION = YES;
				CLANG_WARN_INFINITE_RECURSION = YES;
				CLANG_WARN_INT_CONVERSION = YES;
				CLANG_WARN_NON_LITERAL_NULL_CONVERSION = YES;
				CLANG_WARN_OBJC_LITERAL_CONVERSION = YES;
				CLANG_WARN_OBJC_ROOT_CLASS = YES_ERROR;
				CLANG_WARN_RANGE_LOOP_ANALYSIS = YES;
				CLANG_WARN_STRICT_PROTOTYPES = YES;
				CLANG_WARN_SUSPICIOUS_MOVE = YES;
				CLANG_WARN_UNGUARDED_AVAILABILITY = YES_AGGRESSIVE;
				CLANG_WARN_UNREACHABLE_CODE = YES;
				CLANG_WARN__DUPLICATE_METHOD_MATCH = YES;
				CODE_SIGN_IDENTITY = "iPhone Developer";
				COPY_PHASE_STRIP = NO;
				DEBUG_INFORMATION_FORMAT = "dwarf-with-dsym";
				ENABLE_NS_ASSERTIONS = NO;
				ENABLE_STRICT_OBJC_MSGSEND = YES;
				GCC_C_LANGUAGE_STANDARD = gnu11;
				GCC_NO_COMMON_BLOCKS = YES;
				GCC_WARN_64_TO_32_BIT_CONVERSION = YES;
				GCC_WARN_ABOUT_RETURN_TYPE = YES_ERROR;
				GCC_WARN_UNDECLARED_SELECTOR = YES;
				GCC_WARN_UNINITIALIZED_AUTOS = YES_AGGRESSIVE;
				GCC_WARN_UNUSED_FUNCTION = YES;
				GCC_WARN_UNUSED_VARIABLE = YES;
				IPHONEOS_DEPLOYMENT_TARGET = 11.2;
				MTL_ENABLE_DEBUG_INFO = NO;
				SDKROOT = iphoneos;
				VALIDATE_PRODUCT = YES;
			};
			name = Release;
		};
		8B59E43F2050C3260081F7F9 /* Debug */ = {
			isa = XCBuildConfiguration;
			buildSettings = {
				ASSETCATALOG_COMPILER_APPICON_NAME = AppIcon;
				ASSETCATALOG_COMPILER_LAUNCHIMAGE_NAME = LaunchImage;
				CODE_SIGN_STYLE = Automatic;
				DEVELOPMENT_TEAM = PT78RJBJQ6;
				INFOPLIST_FILE = PhotoManagement/Info.plist;
				IPHONEOS_DEPLOYMENT_TARGET = 7.0;
				LD_RUNPATH_SEARCH_PATHS = "$(inherited) @executable_path/Frameworks";
				PRODUCT_BUNDLE_IDENTIFIER = com.leonyue.PhotoManagement;
				PRODUCT_NAME = "$(TARGET_NAME)";
				TARGETED_DEVICE_FAMILY = 1;
			};
			name = Debug;
		};
		8B59E4402050C3260081F7F9 /* Release */ = {
			isa = XCBuildConfiguration;
			buildSettings = {
				ASSETCATALOG_COMPILER_APPICON_NAME = AppIcon;
				ASSETCATALOG_COMPILER_LAUNCHIMAGE_NAME = LaunchImage;
				CODE_SIGN_STYLE = Automatic;
				DEVELOPMENT_TEAM = PT78RJBJQ6;
				INFOPLIST_FILE = PhotoManagement/Info.plist;
				IPHONEOS_DEPLOYMENT_TARGET = 7.0;
				LD_RUNPATH_SEARCH_PATHS = "$(inherited) @executable_path/Frameworks";
				PRODUCT_BUNDLE_IDENTIFIER = com.leonyue.PhotoManagement;
				PRODUCT_NAME = "$(TARGET_NAME)";
				TARGETED_DEVICE_FAMILY = 1;
			};
			name = Release;
		};
/* End XCBuildConfiguration section */

/* Begin XCConfigurationList section */
		8B59E4232050C3260081F7F9 /* Build configuration list for PBXProject "PhotoManagement" */ = {
			isa = XCConfigurationList;
			buildConfigurations = (
				8B59E43C2050C3260081F7F9 /* Debug */,
				8B59E43D2050C3260081F7F9 /* Release */,
			);
			defaultConfigurationIsVisible = 0;
			defaultConfigurationName = Release;
		};
		8B59E43E2050C3260081F7F9 /* Build configuration list for PBXNativeTarget "PhotoManagement" */ = {
			isa = XCConfigurationList;
			buildConfigurations = (
				8B59E43F2050C3260081F7F9 /* Debug */,
				8B59E4402050C3260081F7F9 /* Release */,
			);
			defaultConfigurationIsVisible = 0;
			defaultConfigurationName = Release;
		};
/* End XCConfigurationList section */
	};
	rootObject = 8B59E4202050C3260081F7F9 /* Project object */;
}
